<?xml version="1.0" encoding="UTF-8" standalone="yes" ?>
<CodeBlocks_project_file>
	<FileVersion major="1" minor="6" />
	<Project>
		<Option title="expected" />
		<Option compiler="gcc" />
		<Build>
			<Target title="default">
				<Option output="expected" prefix_auto="1" extension_auto="1" />
				<Option type="0" />
				<Option compiler="gcc" />
			</Target>
		</Build>
		<Unit filename=".gitattributes" />
		<Unit filename=".gitignore" />
		<Unit filename="LICENSE_1_0.txt" />
		<Unit filename="README.md" />
		<Unit filename="alexandrescu/example.cpp" />
		<Unit filename="alexandrescu/expected.h" />
		<Unit filename="alexandrescu/test_expected.cpp" />
		<Unit filename="exception_c++11.h" />
		<Unit filename="exception_ptr_lite.h" />
		<Unit filename="expected_lite.hpp" />
		<Unit filename="moene/expected.h" />
		<Unit filename="moene/test_expected.cpp" />
		<Unit filename="nonco/expected.h" />
		<Unit filename="nonco/test_expected.cpp" />
		<Unit filename="park/expected.hpp" />
		<Unit filename="park/expected_lite.IN.hpp" />
		<Unit filename="spikes/constructed_union.cpp" />
		<Unit filename="static_visitor.h" />
		<Unit filename="std_optional/n3527-std_optional_r4.html" />
		<Unit filename="std_optional/n3527-std_optional_r4.pdf" />
		<Unit filename="std_optional/optional.hpp" />
		<Unit filename="test_expected_lite.cpp" />
		<Extensions>
			<code_completion />
			<envvars />
			<debugger />
			<lib_finder disable_auto="1" />
		</Extensions>
	</Project>
</CodeBlocks_project_file>
